
Microsoft Visual Studio Solution File, Format Version 12.00
# Visual Studio Version 17
VisualStudioVersion = 17.1.32319.34
MinimumVisualStudioVersion = 10.0.40219.1
Project("{9A19103F-16F7-4668-BE54-9A1E7A4F7556}") = "ReflectionMappingsGenerator", "ReflectionMappingsGenerator.csproj", "{DD64A115-3948-4BDD-A2AA-FBE647452B78}"
EndProject
Project("{9A19103F-16F7-4668-BE54-9A1E7A4F7556}") = "FreneticUtilities", "FreneticUtilities\FreneticUtilities\FreneticUtilities.csproj", "{1DB47D6A-4225-4F25-8559-2C6292496953}"
EndProject
Global
	GlobalSection(SolutionConfigurationPlatforms) = preSolution
		Debug|Any CPU = Debug|Any CPU
		Release|Any CPU = Release|Any CPU
	EndGlobalSection
	GlobalSection(ProjectConfigurationPlatforms) = postSolution
		{DD64A115-3948-4BDD-A2AA-FBE647452B78}.Debug|Any CPU.ActiveCfg = Debug|Any CPU
		{DD64A115-3948-4BDD-A2AA-FBE647452B78}.Debug|Any CPU.Build.0 = Debug|Any CPU
		{DD64A115-3948-4BDD-A2AA-FBE647452B78}.Release|Any CPU.ActiveCfg = Release|Any CPU
		{DD64A115-3948-4BDD-A2AA-FBE647452B78}.Release|Any CPU.Build.0 = Release|Any CPU
		{1DB47D6A-4225-4F25-8559-2C6292496953}.Debug|Any CPU.ActiveCfg = Debug|Any CPU
		{1DB47D6A-4225-4F25-8559-2C6292496953}.Debug|Any CPU.Build.0 = Debug|Any CPU
		{1DB47D6A-4225-4F25-8559-2C6292496953}.Release|Any CPU.ActiveCfg = Release|Any CPU
		{1DB47D6A-4225-4F25-8559-2C6292496953}.Release|Any CPU.Build.0 = Release|Any CPU
	EndGlobalSection
	GlobalSection(SolutionProperties) = preSolution
		HideSolutionNode = FALSE
	EndGlobalSection
	GlobalSection(ExtensibilityGlobals) = postSolution
		SolutionGuid = {E76528DA-BFCD-4B2A-BED2-10C78FAEB3F4}
	EndGlobalSection
EndGlobal
